
Microsoft Visual Studio Solution File, Format Version 12.00
# Visual Studio Version 16
VisualStudioVersion = 16.0.30011.22
MinimumVisualStudioVersion = 10.0.40219.1
Project("{FAE04EC0-301F-11D3-BF4B-00C04F79EFBC}") = "CBGContactlessSurveyingDevelopment", "CBGContactlessSurveyingDevelopment\CBGContactlessSurveyingDevelopment.csproj", "{A15B770E-66D2-4887-82FF-2428E759A369}"
EndProject
Global
	GlobalSection(SolutionConfigurationPlatforms) = preSolution
		Debug|Any CPU = Debug|Any CPU
		Release|Any CPU = Release|Any CPU
	EndGlobalSection
	GlobalSection(ProjectConfigurationPlatforms) = postSolution
		{A15B770E-66D2-4887-82FF-2428E759A369}.Debug|Any CPU.ActiveCfg = Debug|Any CPU
		{A15B770E-66D2-4887-82FF-2428E759A369}.Debug|Any CPU.Build.0 = Debug|Any CPU
		{A15B770E-66D2-4887-82FF-2428E759A369}.Release|Any CPU.ActiveCfg = Release|Any CPU
		{A15B770E-66D2-4887-82FF-2428E759A369}.Release|Any CPU.Build.0 = Release|Any CPU
	EndGlobalSection
	GlobalSection(SolutionProperties) = preSolution
		HideSolutionNode = FALSE
	EndGlobalSection
	GlobalSection(ExtensibilityGlobals) = postSolution
		SolutionGuid = {721D08F5-15BD-47EA-9029-FDC6A5382A81}
	EndGlobalSection
EndGlobal
